{
  "nodes": {
    "flake-utils": {
      "locked": {
        "lastModified": 1652776076,
        "narHash": "sha256-gzTw/v1vj4dOVbpBSJX4J0DwUR6LIyXo7/SuuTJp1kM=",
        "owner": "numtide",
        "repo": "flake-utils",
        "rev": "04c1b180862888302ddfb2e3ad9eaa63afc60cf8",
        "type": "github"
      },
      "original": {
        "owner": "numtide",
        "ref": "v1.0.0",
        "repo": "flake-utils",
        "type": "github"
      }
    },
    "llzk-pkgs": {
      "inputs": {
        "flake-utils": "flake-utils",
        "nixpkgs": "nixpkgs"
      },
      "locked": {
        "lastModified": 1758148042,
        "narHash": "sha256-XEmLuJ6bGyR4IScfsxFwgIaAryvi0ZhM/3MiJiKny3k=",
        "owner": "Veridise",
        "repo": "llzk-nix-pkgs",
        "rev": "0ea3bf657ebfe34c87311addf4342080435ac38e",
        "type": "github"
      },
      "original": {
        "owner": "Veridise",
        "ref": "th/llvm20_upgrade",
        "repo": "llzk-nix-pkgs",
        "type": "github"
      }
    },
    "nixpkgs": {
      "locked": {
        "lastModified": 1743613625,
        "narHash": "sha256-N4hv3YDFs2yA/NBYNQK1o4AaNzLdBKqeePquk+t+QiA=",
        "owner": "NixOS",
        "repo": "nixpkgs",
        "rev": "b19d7721ae9325afb9ba3729a09a18d203ccd6e6",
        "type": "github"
      },
      "original": {
        "owner": "NixOS",
        "repo": "nixpkgs",
        "type": "github"
      }
    },
    "release-helpers": {
      "inputs": {
        "flake-utils": [
          "llzk-pkgs",
          "flake-utils"
        ],
        "nixpkgs": [
          "llzk-pkgs",
          "nixpkgs"
        ]
      },
      "locked": {
        "lastModified": 1747068965,
        "narHash": "sha256-px7s7IVHnR3SiShc7FKCUiL6vfqew5AM6jnkH7qO03I=",
        "owner": "Veridise",
        "repo": "open-source-release-helpers",
        "rev": "c3d1ab6082cc62b167927d074f2836f290b9e3b7",
        "type": "github"
      },
      "original": {
        "owner": "Veridise",
        "ref": "main",
        "repo": "open-source-release-helpers",
        "type": "github"
      }
    },
    "root": {
      "inputs": {
        "flake-utils": [
          "llzk-pkgs",
          "flake-utils"
        ],
        "llzk-pkgs": "llzk-pkgs",
        "nixpkgs": [
          "llzk-pkgs",
          "nixpkgs"
        ],
        "release-helpers": "release-helpers"
      }
    }
  },
  "root": "root",
  "version": 7
}
